
Microsoft Visual Studio Solution File, Format Version 12.00
# Visual Studio 14
VisualStudioVersion = 14.0.25420.1
MinimumVisualStudioVersion = 10.0.40219.1
Project("{D954291E-2A0B-460D-934E-DC6B0785DB48}") = "helloxamarin", "helloxamarin\helloxamarin\helloxamarin.shproj", "{85281BE3-B5A6-4124-AAB6-E194558A9817}"
EndProject
Project("{FAE04EC0-301F-11D3-BF4B-00C04F79EFBC}") = "helloxamarin.Droid", "helloxamarin\helloxamarin.Droid\helloxamarin.Droid.csproj", "{57C2C7C0-E31E-4257-8AF0-DC371EA1F5A7}"
EndProject
Project("{FAE04EC0-301F-11D3-BF4B-00C04F79EFBC}") = "helloxamarin.iOS", "helloxamarin\helloxamarin.iOS\helloxamarin.iOS.csproj", "{FCC4D2EE-F2D0-4662-9EC2-C6D2CE951E15}"
EndProject
Project("{FAE04EC0-301F-11D3-BF4B-00C04F79EFBC}") = "helloxamarin.WinPhone", "helloxamarin\helloxamarin.WinPhone\helloxamarin.WinPhone.csproj", "{7520323A-8908-4222-B71C-D816A39BBA3E}"
EndProject
Project("{FAE04EC0-301F-11D3-BF4B-00C04F79EFBC}") = "helloxamarin.UWP", "helloxamarin\helloxamarin.UWP\helloxamarin.UWP.csproj", "{942BF16C-F613-476E-AF48-8B2E58FA1EA6}"
EndProject
Project("{FAE04EC0-301F-11D3-BF4B-00C04F79EFBC}") = "helloxamarin.Windows", "helloxamarin\helloxamarin.Windows\helloxamarin.Windows.csproj", "{344BA7C5-B483-4228-B906-2E0410E7A1CB}"
EndProject
Global
	GlobalSection(SharedMSBuildProjectFiles) = preSolution
		helloxamarin\helloxamarin\helloxamarin.projitems*{344ba7c5-b483-4228-b906-2e0410e7a1cb}*SharedItemsImports = 4
		helloxamarin\helloxamarin\helloxamarin.projitems*{57c2c7c0-e31e-4257-8af0-dc371ea1f5a7}*SharedItemsImports = 4
		helloxamarin\helloxamarin\helloxamarin.projitems*{7520323a-8908-4222-b71c-d816a39bba3e}*SharedItemsImports = 4
		helloxamarin\helloxamarin\helloxamarin.projitems*{85281be3-b5a6-4124-aab6-e194558a9817}*SharedItemsImports = 13
		helloxamarin\helloxamarin\helloxamarin.projitems*{942bf16c-f613-476e-af48-8b2e58fa1ea6}*SharedItemsImports = 4
		helloxamarin\helloxamarin\helloxamarin.projitems*{fcc4d2ee-f2d0-4662-9ec2-c6d2ce951e15}*SharedItemsImports = 4
	EndGlobalSection
	GlobalSection(SolutionConfigurationPlatforms) = preSolution
		Ad-Hoc|Any CPU = Ad-Hoc|Any CPU
		Ad-Hoc|ARM = Ad-Hoc|ARM
		Ad-Hoc|iPhone = Ad-Hoc|iPhone
		Ad-Hoc|iPhoneSimulator = Ad-Hoc|iPhoneSimulator
		Ad-Hoc|x64 = Ad-Hoc|x64
		Ad-Hoc|x86 = Ad-Hoc|x86
		AppStore|Any CPU = AppStore|Any CPU
		AppStore|ARM = AppStore|ARM
		AppStore|iPhone = AppStore|iPhone
		AppStore|iPhoneSimulator = AppStore|iPhoneSimulator
		AppStore|x64 = AppStore|x64
		AppStore|x86 = AppStore|x86
		Debug|Any CPU = Debug|Any CPU
		Debug|ARM = Debug|ARM
		Debug|iPhone = Debug|iPhone
		Debug|iPhoneSimulator = Debug|iPhoneSimulator
		Debug|x64 = Debug|x64
		Debug|x86 = Debug|x86
		Release|Any CPU = Release|Any CPU
		Release|ARM = Release|ARM
		Release|iPhone = Release|iPhone
		Release|iPhoneSimulator = Release|iPhoneSimulator
		Release|x64 = Release|x64
		Release|x86 = Release|x86
	EndGlobalSection
	GlobalSection(ProjectConfigurationPlatforms) = postSolution
		{57C2C7C0-E31E-4257-8AF0-DC371EA1F5A7}.Ad-Hoc|Any CPU.ActiveCfg = Release|Any CPU
		{57C2C7C0-E31E-4257-8AF0-DC371EA1F5A7}.Ad-Hoc|Any CPU.Build.0 = Release|Any CPU
		{57C2C7C0-E31E-4257-8AF0-DC371EA1F5A7}.Ad-Hoc|Any CPU.Deploy.0 = Release|Any CPU
		{57C2C7C0-E31E-4257-8AF0-DC371EA1F5A7}.Ad-Hoc|ARM.ActiveCfg = Release|Any CPU
		{57C2C7C0-E31E-4257-8AF0-DC371EA1F5A7}.Ad-Hoc|ARM.Build.0 = Release|Any CPU
		{57C2C7C0-E31E-4257-8AF0-DC371EA1F5A7}.Ad-Hoc|ARM.Deploy.0 = Release|Any CPU
		{57C2C7C0-E31E-4257-8AF0-DC371EA1F5A7}.Ad-Hoc|iPhone.ActiveCfg = Release|Any CPU
		{57C2C7C0-E31E-4257-8AF0-DC371EA1F5A7}.Ad-Hoc|iPhone.Build.0 = Release|Any CPU
		{57C2C7C0-E31E-4257-8AF0-DC371EA1F5A7}.Ad-Hoc|iPhone.Deploy.0 = Release|Any CPU
		{57C2C7C0-E31E-4257-8AF0-DC371EA1F5A7}.Ad-Hoc|iPhoneSimulator.ActiveCfg = Release|Any CPU
		{57C2C7C0-E31E-4257-8AF0-DC371EA1F5A7}.Ad-Hoc|iPhoneSimulator.Build.0 = Release|Any CPU
		{57C2C7C0-E31E-4257-8AF0-DC371EA1F5A7}.Ad-Hoc|iPhoneSimulator.Deploy.0 = Release|Any CPU
		{57C2C7C0-E31E-4257-8AF0-DC371EA1F5A7}.Ad-Hoc|x64.ActiveCfg = Release|Any CPU
		{57C2C7C0-E31E-4257-8AF0-DC371EA1F5A7}.Ad-Hoc|x64.Build.0 = Release|Any CPU
		{57C2C7C0-E31E-4257-8AF0-DC371EA1F5A7}.Ad-Hoc|x64.Deploy.0 = Release|Any CPU
		{57C2C7C0-E31E-4257-8AF0-DC371EA1F5A7}.Ad-Hoc|x86.ActiveCfg = Release|Any CPU
		{57C2C7C0-E31E-4257-8AF0-DC371EA1F5A7}.Ad-Hoc|x86.Build.0 = Release|Any CPU
		{57C2C7C0-E31E-4257-8AF0-DC371EA1F5A7}.Ad-Hoc|x86.Deploy.0 = Release|Any CPU
		{57C2C7C0-E31E-4257-8AF0-DC371EA1F5A7}.AppStore|Any CPU.ActiveCfg = Release|Any CPU
		{57C2C7C0-E31E-4257-8AF0-DC371EA1F5A7}.AppStore|Any CPU.Build.0 = Release|Any CPU
		{57C2C7C0-E31E-4257-8AF0-DC371EA1F5A7}.AppStore|Any CPU.Deploy.0 = Release|Any CPU
		{57C2C7C0-E31E-4257-8AF0-DC371EA1F5A7}.AppStore|ARM.ActiveCfg = Release|Any CPU
		{57C2C7C0-E31E-4257-8AF0-DC371EA1F5A7}.AppStore|ARM.Build.0 = Release|Any CPU
		{57C2C7C0-E31E-4257-8AF0-DC371EA1F5A7}.AppStore|ARM.Deploy.0 = Release|Any CPU
		{57C2C7C0-E31E-4257-8AF0-DC371EA1F5A7}.AppStore|iPhone.ActiveCfg = Release|Any CPU
		{57C2C7C0-E31E-4257-8AF0-DC371EA1F5A7}.AppStore|iPhone.Build.0 = Release|Any CPU
		{57C2C7C0-E31E-4257-8AF0-DC371EA1F5A7}.AppStore|iPhone.Deploy.0 = Release|Any CPU
		{57C2C7C0-E31E-4257-8AF0-DC371EA1F5A7}.AppStore|iPhoneSimulator.ActiveCfg = Release|Any CPU
		{57C2C7C0-E31E-4257-8AF0-DC371EA1F5A7}.AppStore|iPhoneSimulator.Build.0 = Release|Any CPU
		{57C2C7C0-E31E-4257-8AF0-DC371EA1F5A7}.AppStore|iPhoneSimulator.Deploy.0 = Release|Any CPU
		{57C2C7C0-E31E-4257-8AF0-DC371EA1F5A7}.AppStore|x64.ActiveCfg = Release|Any CPU
		{57C2C7C0-E31E-4257-8AF0-DC371EA1F5A7}.AppStore|x64.Build.0 = Release|Any CPU
		{57C2C7C0-E31E-4257-8AF0-DC371EA1F5A7}.AppStore|x64.Deploy.0 = Release|Any CPU
		{57C2C7C0-E31E-4257-8AF0-DC371EA1F5A7}.AppStore|x86.ActiveCfg = Release|Any CPU
		{57C2C7C0-E31E-4257-8AF0-DC371EA1F5A7}.AppStore|x86.Build.0 = Release|Any CPU
		{57C2C7C0-E31E-4257-8AF0-DC371EA1F5A7}.AppStore|x86.Deploy.0 = Release|Any CPU
		{57C2C7C0-E31E-4257-8AF0-DC371EA1F5A7}.Debug|Any CPU.ActiveCfg = Debug|Any CPU
		{57C2C7C0-E31E-4257-8AF0-DC371EA1F5A7}.Debug|Any CPU.Build.0 = Debug|Any CPU
		{57C2C7C0-E31E-4257-8AF0-DC371EA1F5A7}.Debug|Any CPU.Deploy.0 = Debug|Any CPU
		{57C2C7C0-E31E-4257-8AF0-DC371EA1F5A7}.Debug|ARM.ActiveCfg = Debug|Any CPU
		{57C2C7C0-E31E-4257-8AF0-DC371EA1F5A7}.Debug|ARM.Build.0 = Debug|Any CPU
		{57C2C7C0-E31E-4257-8AF0-DC371EA1F5A7}.Debug|ARM.Deploy.0 = Debug|Any CPU
		{57C2C7C0-E31E-4257-8AF0-DC371EA1F5A7}.Debug|iPhone.ActiveCfg = Debug|Any CPU
		{57C2C7C0-E31E-4257-8AF0-DC371EA1F5A7}.Debug|iPhone.Build.0 = Debug|Any CPU
		{57C2C7C0-E31E-4257-8AF0-DC371EA1F5A7}.Debug|iPhone.Deploy.0 = Debug|Any CPU
		{57C2C7C0-E31E-4257-8AF0-DC371EA1F5A7}.Debug|iPhoneSimulator.ActiveCfg = Debug|Any CPU
		{57C2C7C0-E31E-4257-8AF0-DC371EA1F5A7}.Debug|iPhoneSimulator.Build.0 = Debug|Any CPU
		{57C2C7C0-E31E-4257-8AF0-DC371EA1F5A7}.Debug|iPhoneSimulator.Deploy.0 = Debug|Any CPU
		{57C2C7C0-E31E-4257-8AF0-DC371EA1F5A7}.Debug|x64.ActiveCfg = Debug|Any CPU
		{57C2C7C0-E31E-4257-8AF0-DC371EA1F5A7}.Debug|x64.Build.0 = Debug|Any CPU
		{57C2C7C0-E31E-4257-8AF0-DC371EA1F5A7}.Debug|x64.Deploy.0 = Debug|Any CPU
		{57C2C7C0-E31E-4257-8AF0-DC371EA1F5A7}.Debug|x86.ActiveCfg = Debug|Any CPU
		{57C2C7C0-E31E-4257-8AF0-DC371EA1F5A7}.Debug|x86.Build.0 = Debug|Any CPU
		{57C2C7C0-E31E-4257-8AF0-DC371EA1F5A7}.Debug|x86.Deploy.0 = Debug|Any CPU
		{57C2C7C0-E31E-4257-8AF0-DC371EA1F5A7}.Release|Any CPU.ActiveCfg = Release|Any CPU
		{57C2C7C0-E31E-4257-8AF0-DC371EA1F5A7}.Release|Any CPU.Build.0 = Release|Any CPU
		{57C2C7C0-E31E-4257-8AF0-DC371EA1F5A7}.Release|Any CPU.Deploy.0 = Release|Any CPU
		{57C2C7C0-E31E-4257-8AF0-DC371EA1F5A7}.Release|ARM.ActiveCfg = Release|Any CPU
		{57C2C7C0-E31E-4257-8AF0-DC371EA1F5A7}.Release|ARM.Build.0 = Release|Any CPU
		{57C2C7C0-E31E-4257-8AF0-DC371EA1F5A7}.Release|ARM.Deploy.0 = Release|Any CPU
		{57C2C7C0-E31E-4257-8AF0-DC371EA1F5A7}.Release|iPhone.ActiveCfg = Release|Any CPU
		{57C2C7C0-E31E-4257-8AF0-DC371EA1F5A7}.Release|iPhone.Build.0 = Release|Any CPU
		{57C2C7C0-E31E-4257-8AF0-DC371EA1F5A7}.Release|iPhone.Deploy.0 = Release|Any CPU
		{57C2C7C0-E31E-4257-8AF0-DC371EA1F5A7}.Release|iPhoneSimulator.ActiveCfg = Release|Any CPU
		{57C2C7C0-E31E-4257-8AF0-DC371EA1F5A7}.Release|iPhoneSimulator.Build.0 = Release|Any CPU
		{57C2C7C0-E31E-4257-8AF0-DC371EA1F5A7}.Release|iPhoneSimulator.Deploy.0 = Release|Any CPU
		{57C2C7C0-E31E-4257-8AF0-DC371EA1F5A7}.Release|x64.ActiveCfg = Release|Any CPU
		{57C2C7C0-E31E-4257-8AF0-DC371EA1F5A7}.Release|x64.Build.0 = Release|Any CPU
		{57C2C7C0-E31E-4257-8AF0-DC371EA1F5A7}.Release|x64.Deploy.0 = Release|Any CPU
		{57C2C7C0-E31E-4257-8AF0-DC371EA1F5A7}.Release|x86.ActiveCfg = Release|Any CPU
		{57C2C7C0-E31E-4257-8AF0-DC371EA1F5A7}.Release|x86.Build.0 = Release|Any CPU
		{57C2C7C0-E31E-4257-8AF0-DC371EA1F5A7}.Release|x86.Deploy.0 = Release|Any CPU
		{FCC4D2EE-F2D0-4662-9EC2-C6D2CE951E15}.Ad-Hoc|Any CPU.ActiveCfg = Ad-Hoc|iPhone
		{FCC4D2EE-F2D0-4662-9EC2-C6D2CE951E15}.Ad-Hoc|ARM.ActiveCfg = Ad-Hoc|iPhone
		{FCC4D2EE-F2D0-4662-9EC2-C6D2CE951E15}.Ad-Hoc|iPhone.ActiveCfg = Ad-Hoc|iPhone
		{FCC4D2EE-F2D0-4662-9EC2-C6D2CE951E15}.Ad-Hoc|iPhone.Build.0 = Ad-Hoc|iPhone
		{FCC4D2EE-F2D0-4662-9EC2-C6D2CE951E15}.Ad-Hoc|iPhoneSimulator.ActiveCfg = Ad-Hoc|iPhoneSimulator
		{FCC4D2EE-F2D0-4662-9EC2-C6D2CE951E15}.Ad-Hoc|iPhoneSimulator.Build.0 = Ad-Hoc|iPhoneSimulator
		{FCC4D2EE-F2D0-4662-9EC2-C6D2CE951E15}.Ad-Hoc|x64.ActiveCfg = Ad-Hoc|iPhone
		{FCC4D2EE-F2D0-4662-9EC2-C6D2CE951E15}.Ad-Hoc|x86.ActiveCfg = Ad-Hoc|iPhone
		{FCC4D2EE-F2D0-4662-9EC2-C6D2CE951E15}.AppStore|Any CPU.ActiveCfg = AppStore|iPhone
		{FCC4D2EE-F2D0-4662-9EC2-C6D2CE951E15}.AppStore|ARM.ActiveCfg = AppStore|iPhone
		{FCC4D2EE-F2D0-4662-9EC2-C6D2CE951E15}.AppStore|iPhone.ActiveCfg = AppStore|iPhone
		{FCC4D2EE-F2D0-4662-9EC2-C6D2CE951E15}.AppStore|iPhone.Build.0 = AppStore|iPhone
		{FCC4D2EE-F2D0-4662-9EC2-C6D2CE951E15}.AppStore|iPhoneSimulator.ActiveCfg = AppStore|iPhoneSimulator
		{FCC4D2EE-F2D0-4662-9EC2-C6D2CE951E15}.AppStore|iPhoneSimulator.Build.0 = AppStore|iPhoneSimulator
		{FCC4D2EE-F2D0-4662-9EC2-C6D2CE951E15}.AppStore|x64.ActiveCfg = AppStore|iPhone
		{FCC4D2EE-F2D0-4662-9EC2-C6D2CE951E15}.AppStore|x86.ActiveCfg = AppStore|iPhone
		{FCC4D2EE-F2D0-4662-9EC2-C6D2CE951E15}.Debug|Any CPU.ActiveCfg = Debug|iPhone
		{FCC4D2EE-F2D0-4662-9EC2-C6D2CE951E15}.Debug|ARM.ActiveCfg = Debug|iPhone
		{FCC4D2EE-F2D0-4662-9EC2-C6D2CE951E15}.Debug|iPhone.ActiveCfg = Debug|iPhone
		{FCC4D2EE-F2D0-4662-9EC2-C6D2CE951E15}.Debug|iPhone.Build.0 = Debug|iPhone
		{FCC4D2EE-F2D0-4662-9EC2-C6D2CE951E15}.Debug|iPhoneSimulator.ActiveCfg = Debug|iPhoneSimulator
		{FCC4D2EE-F2D0-4662-9EC2-C6D2CE951E15}.Debug|iPhoneSimulator.Build.0 = Debug|iPhoneSimulator
		{FCC4D2EE-F2D0-4662-9EC2-C6D2CE951E15}.Debug|x64.ActiveCfg = Debug|iPhone
		{FCC4D2EE-F2D0-4662-9EC2-C6D2CE951E15}.Debug|x86.ActiveCfg = Debug|iPhone
		{FCC4D2EE-F2D0-4662-9EC2-C6D2CE951E15}.Release|Any CPU.ActiveCfg = Release|iPhone
		{FCC4D2EE-F2D0-4662-9EC2-C6D2CE951E15}.Release|ARM.ActiveCfg = Release|iPhone
		{FCC4D2EE-F2D0-4662-9EC2-C6D2CE951E15}.Release|iPhone.ActiveCfg = Release|iPhone
		{FCC4D2EE-F2D0-4662-9EC2-C6D2CE951E15}.Release|iPhone.Build.0 = Release|iPhone
		{FCC4D2EE-F2D0-4662-9EC2-C6D2CE951E15}.Release|iPhoneSimulator.ActiveCfg = Release|iPhoneSimulator
		{FCC4D2EE-F2D0-4662-9EC2-C6D2CE951E15}.Release|iPhoneSimulator.Build.0 = Release|iPhoneSimulator
		{FCC4D2EE-F2D0-4662-9EC2-C6D2CE951E15}.Release|x64.ActiveCfg = Release|iPhone
		{FCC4D2EE-F2D0-4662-9EC2-C6D2CE951E15}.Release|x86.ActiveCfg = Release|iPhone
		{7520323A-8908-4222-B71C-D816A39BBA3E}.Ad-Hoc|Any CPU.ActiveCfg = Release|Any CPU
		{7520323A-8908-4222-B71C-D816A39BBA3E}.Ad-Hoc|Any CPU.Build.0 = Release|Any CPU
		{7520323A-8908-4222-B71C-D816A39BBA3E}.Ad-Hoc|Any CPU.Deploy.0 = Release|Any CPU
		{7520323A-8908-4222-B71C-D816A39BBA3E}.Ad-Hoc|ARM.ActiveCfg = Release|ARM
		{7520323A-8908-4222-B71C-D816A39BBA3E}.Ad-Hoc|ARM.Build.0 = Release|ARM
		{7520323A-8908-4222-B71C-D816A39BBA3E}.Ad-Hoc|ARM.Deploy.0 = Release|ARM
		{7520323A-8908-4222-B71C-D816A39BBA3E}.Ad-Hoc|iPhone.ActiveCfg = Release|Any CPU
		{7520323A-8908-4222-B71C-D816A39BBA3E}.Ad-Hoc|iPhone.Build.0 = Release|Any CPU
		{7520323A-8908-4222-B71C-D816A39BBA3E}.Ad-Hoc|iPhone.Deploy.0 = Release|Any CPU
		{7520323A-8908-4222-B71C-D816A39BBA3E}.Ad-Hoc|iPhoneSimulator.ActiveCfg = Release|Any CPU
		{7520323A-8908-4222-B71C-D816A39BBA3E}.Ad-Hoc|iPhoneSimulator.Build.0 = Release|Any CPU
		{7520323A-8908-4222-B71C-D816A39BBA3E}.Ad-Hoc|iPhoneSimulator.Deploy.0 = Release|Any CPU
		{7520323A-8908-4222-B71C-D816A39BBA3E}.Ad-Hoc|x64.ActiveCfg = Release|Any CPU
		{7520323A-8908-4222-B71C-D816A39BBA3E}.Ad-Hoc|x64.Build.0 = Release|Any CPU
		{7520323A-8908-4222-B71C-D816A39BBA3E}.Ad-Hoc|x64.Deploy.0 = Release|Any CPU
		{7520323A-8908-4222-B71C-D816A39BBA3E}.Ad-Hoc|x86.ActiveCfg = Release|x86
		{7520323A-8908-4222-B71C-D816A39BBA3E}.Ad-Hoc|x86.Build.0 = Release|x86
		{7520323A-8908-4222-B71C-D816A39BBA3E}.Ad-Hoc|x86.Deploy.0 = Release|x86
		{7520323A-8908-4222-B71C-D816A39BBA3E}.AppStore|Any CPU.ActiveCfg = Release|Any CPU
		{7520323A-8908-4222-B71C-D816A39BBA3E}.AppStore|Any CPU.Build.0 = Release|Any CPU
		{7520323A-8908-4222-B71C-D816A39BBA3E}.AppStore|Any CPU.Deploy.0 = Release|Any CPU
		{7520323A-8908-4222-B71C-D816A39BBA3E}.AppStore|ARM.ActiveCfg = Release|ARM
		{7520323A-8908-4222-B71C-D816A39BBA3E}.AppStore|ARM.Build.0 = Release|ARM
		{7520323A-8908-4222-B71C-D816A39BBA3E}.AppStore|ARM.Deploy.0 = Release|ARM
		{7520323A-8908-4222-B71C-D816A39BBA3E}.AppStore|iPhone.ActiveCfg = Release|Any CPU
		{7520323A-8908-4222-B71C-D816A39BBA3E}.AppStore|iPhone.Build.0 = Release|Any CPU
		{7520323A-8908-4222-B71C-D816A39BBA3E}.AppStore|iPhone.Deploy.0 = Release|Any CPU
		{7520323A-8908-4222-B71C-D816A39BBA3E}.AppStore|iPhoneSimulator.ActiveCfg = Release|Any CPU
		{7520323A-8908-4222-B71C-D816A39BBA3E}.AppStore|iPhoneSimulator.Build.0 = Release|Any CPU
		{7520323A-8908-4222-B71C-D816A39BBA3E}.AppStore|iPhoneSimulator.Deploy.0 = Release|Any CPU
		{7520323A-8908-4222-B71C-D816A39BBA3E}.AppStore|x64.ActiveCfg = Release|Any CPU
		{7520323A-8908-4222-B71C-D816A39BBA3E}.AppStore|x64.Build.0 = Release|Any CPU
		{7520323A-8908-4222-B71C-D816A39BBA3E}.AppStore|x64.Deploy.0 = Release|Any CPU
		{7520323A-8908-4222-B71C-D816A39BBA3E}.AppStore|x86.ActiveCfg = Release|x86
		{7520323A-8908-4222-B71C-D816A39BBA3E}.AppStore|x86.Build.0 = Release|x86
		{7520323A-8908-4222-B71C-D816A39BBA3E}.AppStore|x86.Deploy.0 = Release|x86
		{7520323A-8908-4222-B71C-D816A39BBA3E}.Debug|Any CPU.ActiveCfg = Debug|Any CPU
		{7520323A-8908-4222-B71C-D816A39BBA3E}.Debug|Any CPU.Build.0 = Debug|Any CPU
		{7520323A-8908-4222-B71C-D816A39BBA3E}.Debug|Any CPU.Deploy.0 = Debug|Any CPU
		{7520323A-8908-4222-B71C-D816A39BBA3E}.Debug|ARM.ActiveCfg = Debug|ARM
		{7520323A-8908-4222-B71C-D816A39BBA3E}.Debug|ARM.Build.0 = Debug|ARM
		{7520323A-8908-4222-B71C-D816A39BBA3E}.Debug|ARM.Deploy.0 = Debug|ARM
		{7520323A-8908-4222-B71C-D816A39BBA3E}.Debug|iPhone.ActiveCfg = Debug|Any CPU
		{7520323A-8908-4222-B71C-D816A39BBA3E}.Debug|iPhone.Build.0 = Debug|Any CPU
		{7520323A-8908-4222-B71C-D816A39BBA3E}.Debug|iPhone.Deploy.0 = Debug|Any CPU
		{7520323A-8908-4222-B71C-D816A39BBA3E}.Debug|iPhoneSimulator.ActiveCfg = Debug|Any CPU
		{7520323A-8908-4222-B71C-D816A39BBA3E}.Debug|iPhoneSimulator.Build.0 = Debug|Any CPU
		{7520323A-8908-4222-B71C-D816A39BBA3E}.Debug|iPhoneSimulator.Deploy.0 = Debug|Any CPU
		{7520323A-8908-4222-B71C-D816A39BBA3E}.Debug|x64.ActiveCfg = Debug|Any CPU
		{7520323A-8908-4222-B71C-D816A39BBA3E}.Debug|x64.Build.0 = Debug|Any CPU
		{7520323A-8908-4222-B71C-D816A39BBA3E}.Debug|x64.Deploy.0 = Debug|Any CPU
		{7520323A-8908-4222-B71C-D816A39BBA3E}.Debug|x86.ActiveCfg = Debug|x86
		{7520323A-8908-4222-B71C-D816A39BBA3E}.Debug|x86.Build.0 = Debug|x86
		{7520323A-8908-4222-B71C-D816A39BBA3E}.Debug|x86.Deploy.0 = Debug|x86
		{7520323A-8908-4222-B71C-D816A39BBA3E}.Release|Any CPU.ActiveCfg = Release|Any CPU
		{7520323A-8908-4222-B71C-D816A39BBA3E}.Release|Any CPU.Build.0 = Release|Any CPU
		{7520323A-8908-4222-B71C-D816A39BBA3E}.Release|Any CPU.Deploy.0 = Release|Any CPU
		{7520323A-8908-4222-B71C-D816A39BBA3E}.Release|ARM.ActiveCfg = Release|ARM
		{7520323A-8908-4222-B71C-D816A39BBA3E}.Release|ARM.Build.0 = Release|ARM
		{7520323A-8908-4222-B71C-D816A39BBA3E}.Release|ARM.Deploy.0 = Release|ARM
		{7520323A-8908-4222-B71C-D816A39BBA3E}.Release|iPhone.ActiveCfg = Release|Any CPU
		{7520323A-8908-4222-B71C-D816A39BBA3E}.Release|iPhone.Build.0 = Release|Any CPU
		{7520323A-8908-4222-B71C-D816A39BBA3E}.Release|iPhone.Deploy.0 = Release|Any CPU
		{7520323A-8908-4222-B71C-D816A39BBA3E}.Release|iPhoneSimulator.ActiveCfg = Release|Any CPU
		{7520323A-8908-4222-B71C-D816A39BBA3E}.Release|iPhoneSimulator.Build.0 = Release|Any CPU
		{7520323A-8908-4222-B71C-D816A39BBA3E}.Release|iPhoneSimulator.Deploy.0 = Release|Any CPU
		{7520323A-8908-4222-B71C-D816A39BBA3E}.Release|x64.ActiveCfg = Release|Any CPU
		{7520323A-8908-4222-B71C-D816A39BBA3E}.Release|x64.Build.0 = Release|Any CPU
		{7520323A-8908-4222-B71C-D816A39BBA3E}.Release|x64.Deploy.0 = Release|Any CPU
		{7520323A-8908-4222-B71C-D816A39BBA3E}.Release|x86.ActiveCfg = Release|x86
		{7520323A-8908-4222-B71C-D816A39BBA3E}.Release|x86.Build.0 = Release|x86
		{7520323A-8908-4222-B71C-D816A39BBA3E}.Release|x86.Deploy.0 = Release|x86
		{942BF16C-F613-476E-AF48-8B2E58FA1EA6}.Ad-Hoc|Any CPU.ActiveCfg = Release|x86
		{942BF16C-F613-476E-AF48-8B2E58FA1EA6}.Ad-Hoc|Any CPU.Build.0 = Release|x86
		{942BF16C-F613-476E-AF48-8B2E58FA1EA6}.Ad-Hoc|Any CPU.Deploy.0 = Release|x86
		{942BF16C-F613-476E-AF48-8B2E58FA1EA6}.Ad-Hoc|ARM.ActiveCfg = Release|ARM
		{942BF16C-F613-476E-AF48-8B2E58FA1EA6}.Ad-Hoc|ARM.Build.0 = Release|ARM
		{942BF16C-F613-476E-AF48-8B2E58FA1EA6}.Ad-Hoc|ARM.Deploy.0 = Release|ARM
		{942BF16C-F613-476E-AF48-8B2E58FA1EA6}.Ad-Hoc|iPhone.ActiveCfg = Release|x86
		{942BF16C-F613-476E-AF48-8B2E58FA1EA6}.Ad-Hoc|iPhone.Build.0 = Release|x86
		{942BF16C-F613-476E-AF48-8B2E58FA1EA6}.Ad-Hoc|iPhone.Deploy.0 = Release|x86
		{942BF16C-F613-476E-AF48-8B2E58FA1EA6}.Ad-Hoc|iPhoneSimulator.ActiveCfg = Release|x86
		{942BF16C-F613-476E-AF48-8B2E58FA1EA6}.Ad-Hoc|iPhoneSimulator.Build.0 = Release|x86
		{942BF16C-F613-476E-AF48-8B2E58FA1EA6}.Ad-Hoc|iPhoneSimulator.Deploy.0 = Release|x86
		{942BF16C-F613-476E-AF48-8B2E58FA1EA6}.Ad-Hoc|x64.ActiveCfg = Release|x64
		{942BF16C-F613-476E-AF48-8B2E58FA1EA6}.Ad-Hoc|x64.Build.0 = Release|x64
		{942BF16C-F613-476E-AF48-8B2E58FA1EA6}.Ad-Hoc|x64.Deploy.0 = Release|x64
		{942BF16C-F613-476E-AF48-8B2E58FA1EA6}.Ad-Hoc|x86.ActiveCfg = Release|x86
		{942BF16C-F613-476E-AF48-8B2E58FA1EA6}.Ad-Hoc|x86.Build.0 = Release|x86
		{942BF16C-F613-476E-AF48-8B2E58FA1EA6}.Ad-Hoc|x86.Deploy.0 = Release|x86
		{942BF16C-F613-476E-AF48-8B2E58FA1EA6}.AppStore|Any CPU.ActiveCfg = Release|x86
		{942BF16C-F613-476E-AF48-8B2E58FA1EA6}.AppStore|Any CPU.Build.0 = Release|x86
		{942BF16C-F613-476E-AF48-8B2E58FA1EA6}.AppStore|Any CPU.Deploy.0 = Release|x86
		{942BF16C-F613-476E-AF48-8B2E58FA1EA6}.AppStore|ARM.ActiveCfg = Release|ARM
		{942BF16C-F613-476E-AF48-8B2E58FA1EA6}.AppStore|ARM.Build.0 = Release|ARM
		{942BF16C-F613-476E-AF48-8B2E58FA1EA6}.AppStore|ARM.Deploy.0 = Release|ARM
		{942BF16C-F613-476E-AF48-8B2E58FA1EA6}.AppStore|iPhone.ActiveCfg = Release|x86
		{942BF16C-F613-476E-AF48-8B2E58FA1EA6}.AppStore|iPhone.Build.0 = Release|x86
		{942BF16C-F613-476E-AF48-8B2E58FA1EA6}.AppStore|iPhone.Deploy.0 = Release|x86
		{942BF16C-F613-476E-AF48-8B2E58FA1EA6}.AppStore|iPhoneSimulator.ActiveCfg = Release|x86
		{942BF16C-F613-476E-AF48-8B2E58FA1EA6}.AppStore|iPhoneSimulator.Build.0 = Release|x86
		{942BF16C-F613-476E-AF48-8B2E58FA1EA6}.AppStore|iPhoneSimulator.Deploy.0 = Release|x86
		{942BF16C-F613-476E-AF48-8B2E58FA1EA6}.AppStore|x64.ActiveCfg = Release|x64
		{942BF16C-F613-476E-AF48-8B2E58FA1EA6}.AppStore|x64.Build.0 = Release|x64
		{942BF16C-F613-476E-AF48-8B2E58FA1EA6}.AppStore|x64.Deploy.0 = Release|x64
		{942BF16C-F613-476E-AF48-8B2E58FA1EA6}.AppStore|x86.ActiveCfg = Release|x86
		{942BF16C-F613-476E-AF48-8B2E58FA1EA6}.AppStore|x86.Build.0 = Release|x86
		{942BF16C-F613-476E-AF48-8B2E58FA1EA6}.AppStore|x86.Deploy.0 = Release|x86
		{942BF16C-F613-476E-AF48-8B2E58FA1EA6}.Debug|Any CPU.ActiveCfg = Debug|x86
		{942BF16C-F613-476E-AF48-8B2E58FA1EA6}.Debug|ARM.ActiveCfg = Debug|ARM
		{942BF16C-F613-476E-AF48-8B2E58FA1EA6}.Debug|ARM.Build.0 = Debug|ARM
		{942BF16C-F613-476E-AF48-8B2E58FA1EA6}.Debug|ARM.Deploy.0 = Debug|ARM
		{942BF16C-F613-476E-AF48-8B2E58FA1EA6}.Debug|iPhone.ActiveCfg = Debug|x86
		{942BF16C-F613-476E-AF48-8B2E58FA1EA6}.Debug|iPhoneSimulator.ActiveCfg = Debug|x86
		{942BF16C-F613-476E-AF48-8B2E58FA1EA6}.Debug|x64.ActiveCfg = Debug|x64
		{942BF16C-F613-476E-AF48-8B2E58FA1EA6}.Debug|x64.Build.0 = Debug|x64
		{942BF16C-F613-476E-AF48-8B2E58FA1EA6}.Debug|x64.Deploy.0 = Debug|x64
		{942BF16C-F613-476E-AF48-8B2E58FA1EA6}.Debug|x86.ActiveCfg = Debug|x86
		{942BF16C-F613-476E-AF48-8B2E58FA1EA6}.Debug|x86.Build.0 = Debug|x86
		{942BF16C-F613-476E-AF48-8B2E58FA1EA6}.Debug|x86.Deploy.0 = Debug|x86
		{942BF16C-F613-476E-AF48-8B2E58FA1EA6}.Release|Any CPU.ActiveCfg = Release|x86
		{942BF16C-F613-476E-AF48-8B2E58FA1EA6}.Release|ARM.ActiveCfg = Release|ARM
		{942BF16C-F613-476E-AF48-8B2E58FA1EA6}.Release|ARM.Build.0 = Release|ARM
		{942BF16C-F613-476E-AF48-8B2E58FA1EA6}.Release|ARM.Deploy.0 = Release|ARM
		{942BF16C-F613-476E-AF48-8B2E58FA1EA6}.Release|iPhone.ActiveCfg = Release|x86
		{942BF16C-F613-476E-AF48-8B2E58FA1EA6}.Release|iPhoneSimulator.ActiveCfg = Release|x86
		{942BF16C-F613-476E-AF48-8B2E58FA1EA6}.Release|x64.ActiveCfg = Release|x64
		{942BF16C-F613-476E-AF48-8B2E58FA1EA6}.Release|x64.Build.0 = Release|x64
		{942BF16C-F613-476E-AF48-8B2E58FA1EA6}.Release|x64.Deploy.0 = Release|x64
		{942BF16C-F613-476E-AF48-8B2E58FA1EA6}.Release|x86.ActiveCfg = Release|x86
		{942BF16C-F613-476E-AF48-8B2E58FA1EA6}.Release|x86.Build.0 = Release|x86
		{942BF16C-F613-476E-AF48-8B2E58FA1EA6}.Release|x86.Deploy.0 = Release|x86
		{344BA7C5-B483-4228-B906-2E0410E7A1CB}.Ad-Hoc|Any CPU.ActiveCfg = Release|Any CPU
		{344BA7C5-B483-4228-B906-2E0410E7A1CB}.Ad-Hoc|Any CPU.Build.0 = Release|Any CPU
		{344BA7C5-B483-4228-B906-2E0410E7A1CB}.Ad-Hoc|Any CPU.Deploy.0 = Release|Any CPU
		{344BA7C5-B483-4228-B906-2E0410E7A1CB}.Ad-Hoc|ARM.ActiveCfg = Release|ARM
		{344BA7C5-B483-4228-B906-2E0410E7A1CB}.Ad-Hoc|ARM.Build.0 = Release|ARM
		{344BA7C5-B483-4228-B906-2E0410E7A1CB}.Ad-Hoc|ARM.Deploy.0 = Release|ARM
		{344BA7C5-B483-4228-B906-2E0410E7A1CB}.Ad-Hoc|iPhone.ActiveCfg = Release|Any CPU
		{344BA7C5-B483-4228-B906-2E0410E7A1CB}.Ad-Hoc|iPhone.Build.0 = Release|Any CPU
		{344BA7C5-B483-4228-B906-2E0410E7A1CB}.Ad-Hoc|iPhone.Deploy.0 = Release|Any CPU
		{344BA7C5-B483-4228-B906-2E0410E7A1CB}.Ad-Hoc|iPhoneSimulator.ActiveCfg = Release|Any CPU
		{344BA7C5-B483-4228-B906-2E0410E7A1CB}.Ad-Hoc|iPhoneSimulator.Build.0 = Release|Any CPU
		{344BA7C5-B483-4228-B906-2E0410E7A1CB}.Ad-Hoc|iPhoneSimulator.Deploy.0 = Release|Any CPU
		{344BA7C5-B483-4228-B906-2E0410E7A1CB}.Ad-Hoc|x64.ActiveCfg = Release|x64
		{344BA7C5-B483-4228-B906-2E0410E7A1CB}.Ad-Hoc|x64.Build.0 = Release|x64
		{344BA7C5-B483-4228-B906-2E0410E7A1CB}.Ad-Hoc|x64.Deploy.0 = Release|x64
		{344BA7C5-B483-4228-B906-2E0410E7A1CB}.Ad-Hoc|x86.ActiveCfg = Release|x86
		{344BA7C5-B483-4228-B906-2E0410E7A1CB}.Ad-Hoc|x86.Build.0 = Release|x86
		{344BA7C5-B483-4228-B906-2E0410E7A1CB}.Ad-Hoc|x86.Deploy.0 = Release|x86
		{344BA7C5-B483-4228-B906-2E0410E7A1CB}.AppStore|Any CPU.ActiveCfg = Release|Any CPU
		{344BA7C5-B483-4228-B906-2E0410E7A1CB}.AppStore|Any CPU.Build.0 = Release|Any CPU
		{344BA7C5-B483-4228-B906-2E0410E7A1CB}.AppStore|Any CPU.Deploy.0 = Release|Any CPU
		{344BA7C5-B483-4228-B906-2E0410E7A1CB}.AppStore|ARM.ActiveCfg = Release|ARM
		{344BA7C5-B483-4228-B906-2E0410E7A1CB}.AppStore|ARM.Build.0 = Release|ARM
		{344BA7C5-B483-4228-B906-2E0410E7A1CB}.AppStore|ARM.Deploy.0 = Release|ARM
		{344BA7C5-B483-4228-B906-2E0410E7A1CB}.AppStore|iPhone.ActiveCfg = Release|Any CPU
		{344BA7C5-B483-4228-B906-2E0410E7A1CB}.AppStore|iPhone.Build.0 = Release|Any CPU
		{344BA7C5-B483-4228-B906-2E0410E7A1CB}.AppStore|iPhone.Deploy.0 = Release|Any CPU
		{344BA7C5-B483-4228-B906-2E0410E7A1CB}.AppStore|iPhoneSimulator.ActiveCfg = Release|Any CPU
		{344BA7C5-B483-4228-B906-2E0410E7A1CB}.AppStore|iPhoneSimulator.Build.0 = Release|Any CPU
		{344BA7C5-B483-4228-B906-2E0410E7A1CB}.AppStore|iPhoneSimulator.Deploy.0 = Release|Any CPU
		{344BA7C5-B483-4228-B906-2E0410E7A1CB}.AppStore|x64.ActiveCfg = Release|x64
		{344BA7C5-B483-4228-B906-2E0410E7A1CB}.AppStore|x64.Build.0 = Release|x64
		{344BA7C5-B483-4228-B906-2E0410E7A1CB}.AppStore|x64.Deploy.0 = Release|x64
		{344BA7C5-B483-4228-B906-2E0410E7A1CB}.AppStore|x86.ActiveCfg = Release|x86
		{344BA7C5-B483-4228-B906-2E0410E7A1CB}.AppStore|x86.Build.0 = Release|x86
		{344BA7C5-B483-4228-B906-2E0410E7A1CB}.AppStore|x86.Deploy.0 = Release|x86
		{344BA7C5-B483-4228-B906-2E0410E7A1CB}.Debug|Any CPU.ActiveCfg = Debug|Any CPU
		{344BA7C5-B483-4228-B906-2E0410E7A1CB}.Debug|Any CPU.Build.0 = Debug|Any CPU
		{344BA7C5-B483-4228-B906-2E0410E7A1CB}.Debug|Any CPU.Deploy.0 = Debug|Any CPU
		{344BA7C5-B483-4228-B906-2E0410E7A1CB}.Debug|ARM.ActiveCfg = Debug|ARM
		{344BA7C5-B483-4228-B906-2E0410E7A1CB}.Debug|ARM.Build.0 = Debug|ARM
		{344BA7C5-B483-4228-B906-2E0410E7A1CB}.Debug|ARM.Deploy.0 = Debug|ARM
		{344BA7C5-B483-4228-B906-2E0410E7A1CB}.Debug|iPhone.ActiveCfg = Debug|Any CPU
		{344BA7C5-B483-4228-B906-2E0410E7A1CB}.Debug|iPhone.Build.0 = Debug|Any CPU
		{344BA7C5-B483-4228-B906-2E0410E7A1CB}.Debug|iPhone.Deploy.0 = Debug|Any CPU
		{344BA7C5-B483-4228-B906-2E0410E7A1CB}.Debug|iPhoneSimulator.ActiveCfg = Debug|Any CPU
		{344BA7C5-B483-4228-B906-2E0410E7A1CB}.Debug|iPhoneSimulator.Build.0 = Debug|Any CPU
		{344BA7C5-B483-4228-B906-2E0410E7A1CB}.Debug|iPhoneSimulator.Deploy.0 = Debug|Any CPU
		{344BA7C5-B483-4228-B906-2E0410E7A1CB}.Debug|x64.ActiveCfg = Debug|x64
		{344BA7C5-B483-4228-B906-2E0410E7A1CB}.Debug|x64.Build.0 = Debug|x64
		{344BA7C5-B483-4228-B906-2E0410E7A1CB}.Debug|x64.Deploy.0 = Debug|x64
		{344BA7C5-B483-4228-B906-2E0410E7A1CB}.Debug|x86.ActiveCfg = Debug|x86
		{344BA7C5-B483-4228-B906-2E0410E7A1CB}.Debug|x86.Build.0 = Debug|x86
		{344BA7C5-B483-4228-B906-2E0410E7A1CB}.Debug|x86.Deploy.0 = Debug|x86
		{344BA7C5-B483-4228-B906-2E0410E7A1CB}.Release|Any CPU.ActiveCfg = Release|Any CPU
		{344BA7C5-B483-4228-B906-2E0410E7A1CB}.Release|Any CPU.Build.0 = Release|Any CPU
		{344BA7C5-B483-4228-B906-2E0410E7A1CB}.Release|Any CPU.Deploy.0 = Release|Any CPU
		{344BA7C5-B483-4228-B906-2E0410E7A1CB}.Release|ARM.ActiveCfg = Release|ARM
		{344BA7C5-B483-4228-B906-2E0410E7A1CB}.Release|ARM.Build.0 = Release|ARM
		{344BA7C5-B483-4228-B906-2E0410E7A1CB}.Release|ARM.Deploy.0 = Release|ARM
		{344BA7C5-B483-4228-B906-2E0410E7A1CB}.Release|iPhone.ActiveCfg = Release|Any CPU
		{344BA7C5-B483-4228-B906-2E0410E7A1CB}.Release|iPhone.Build.0 = Release|Any CPU
		{344BA7C5-B483-4228-B906-2E0410E7A1CB}.Release|iPhone.Deploy.0 = Release|Any CPU
		{344BA7C5-B483-4228-B906-2E0410E7A1CB}.Release|iPhoneSimulator.ActiveCfg = Release|Any CPU
		{344BA7C5-B483-4228-B906-2E0410E7A1CB}.Release|iPhoneSimulator.Build.0 = Release|Any CPU
		{344BA7C5-B483-4228-B906-2E0410E7A1CB}.Release|iPhoneSimulator.Deploy.0 = Release|Any CPU
		{344BA7C5-B483-4228-B906-2E0410E7A1CB}.Release|x64.ActiveCfg = Release|x64
		{344BA7C5-B483-4228-B906-2E0410E7A1CB}.Release|x64.Build.0 = Release|x64
		{344BA7C5-B483-4228-B906-2E0410E7A1CB}.Release|x64.Deploy.0 = Release|x64
		{344BA7C5-B483-4228-B906-2E0410E7A1CB}.Release|x86.ActiveCfg = Release|x86
		{344BA7C5-B483-4228-B906-2E0410E7A1CB}.Release|x86.Build.0 = Release|x86
		{344BA7C5-B483-4228-B906-2E0410E7A1CB}.Release|x86.Deploy.0 = Release|x86
	EndGlobalSection
	GlobalSection(SolutionProperties) = preSolution
		HideSolutionNode = FALSE
	EndGlobalSection
EndGlobal
